
Microsoft Visual Studio Solution File, Format Version 12.00
# Visual Studio 15
VisualStudioVersion = 15.0.27428.2043
MinimumVisualStudioVersion = 10.0.40219.1
Project("{9A19103F-16F7-4668-BE54-9A1E7A4F7556}") = "DotNetCoreCodeGenerator", "DotNetCoreCodeGenerator\DotNetCoreCodeGenerator.csproj", "{DE37A80E-099B-4C93-BDAF-795EE5A5C502}"
EndProject
Project("{9A19103F-16F7-4668-BE54-9A1E7A4F7556}") = "DotNetCoreCodeGenerator.UnitTest", "DotNetCoreCodeGenerator.UnitTest\DotNetCoreCodeGenerator.UnitTest.csproj", "{F49E4D59-D77B-4E89-BE7D-E6ACF7CD8404}"
EndProject
Project("{9A19103F-16F7-4668-BE54-9A1E7A4F7556}") = "DotNetCoreCodeGenerator.Domain", "DotNetCoreCodeGenerator.Domain\DotNetCoreCodeGenerator.Domain.csproj", "{F82107E3-AE92-45DF-BFA5-ED6678E3E65A}"
EndProject
Project("{9A19103F-16F7-4668-BE54-9A1E7A4F7556}") = "HelpersProject", "HelpersProject\HelpersProject.csproj", "{2D874C3F-F6C4-48F4-BDBD-2DFFB4B1F516}"
EndProject
Global
	GlobalSection(SolutionConfigurationPlatforms) = preSolution
		Debug|Any CPU = Debug|Any CPU
		Release|Any CPU = Release|Any CPU
	EndGlobalSection
	GlobalSection(ProjectConfigurationPlatforms) = postSolution
		{DE37A80E-099B-4C93-BDAF-795EE5A5C502}.Debug|Any CPU.ActiveCfg = Debug|Any CPU
		{DE37A80E-099B-4C93-BDAF-795EE5A5C502}.Debug|Any CPU.Build.0 = Debug|Any CPU
		{DE37A80E-099B-4C93-BDAF-795EE5A5C502}.Release|Any CPU.ActiveCfg = Release|Any CPU
		{DE37A80E-099B-4C93-BDAF-795EE5A5C502}.Release|Any CPU.Build.0 = Release|Any CPU
		{F49E4D59-D77B-4E89-BE7D-E6ACF7CD8404}.Debug|Any CPU.ActiveCfg = Debug|Any CPU
		{F49E4D59-D77B-4E89-BE7D-E6ACF7CD8404}.Debug|Any CPU.Build.0 = Debug|Any CPU
		{F49E4D59-D77B-4E89-BE7D-E6ACF7CD8404}.Release|Any CPU.ActiveCfg = Release|Any CPU
		{F49E4D59-D77B-4E89-BE7D-E6ACF7CD8404}.Release|Any CPU.Build.0 = Release|Any CPU
		{F82107E3-AE92-45DF-BFA5-ED6678E3E65A}.Debug|Any CPU.ActiveCfg = Debug|Any CPU
		{F82107E3-AE92-45DF-BFA5-ED6678E3E65A}.Debug|Any CPU.Build.0 = Debug|Any CPU
		{F82107E3-AE92-45DF-BFA5-ED6678E3E65A}.Release|Any CPU.ActiveCfg = Release|Any CPU
		{F82107E3-AE92-45DF-BFA5-ED6678E3E65A}.Release|Any CPU.Build.0 = Release|Any CPU
		{2D874C3F-F6C4-48F4-BDBD-2DFFB4B1F516}.Debug|Any CPU.ActiveCfg = Debug|Any CPU
		{2D874C3F-F6C4-48F4-BDBD-2DFFB4B1F516}.Debug|Any CPU.Build.0 = Debug|Any CPU
		{2D874C3F-F6C4-48F4-BDBD-2DFFB4B1F516}.Release|Any CPU.ActiveCfg = Release|Any CPU
		{2D874C3F-F6C4-48F4-BDBD-2DFFB4B1F516}.Release|Any CPU.Build.0 = Release|Any CPU
	EndGlobalSection
	GlobalSection(SolutionProperties) = preSolution
		HideSolutionNode = FALSE
	EndGlobalSection
	GlobalSection(ExtensibilityGlobals) = postSolution
		SolutionGuid = {53FB4DD1-53C7-4603-9406-A438D3B5B1E1}
	EndGlobalSection
EndGlobal
